
Microsoft Visual Studio Solution File, Format Version 12.00
# Visual Studio Version 16
VisualStudioVersion = 16.0.31313.79
MinimumVisualStudioVersion = 10.0.40219.1
Project("{FAE04EC0-301F-11D3-BF4B-00C04F79EFBC}") = "lab1", "lab1\lab1.csproj", "{5FF60988-1555-4541-AA58-71ED5866608A}"
EndProject
Global
	GlobalSection(SolutionConfigurationPlatforms) = preSolution
		Debug|Any CPU = Debug|Any CPU
		Release|Any CPU = Release|Any CPU
	EndGlobalSection
	GlobalSection(ProjectConfigurationPlatforms) = postSolution
		{5FF60988-1555-4541-AA58-71ED5866608A}.Debug|Any CPU.ActiveCfg = Debug|Any CPU
		{5FF60988-1555-4541-AA58-71ED5866608A}.Debug|Any CPU.Build.0 = Debug|Any CPU
		{5FF60988-1555-4541-AA58-71ED5866608A}.Release|Any CPU.ActiveCfg = Release|Any CPU
		{5FF60988-1555-4541-AA58-71ED5866608A}.Release|Any CPU.Build.0 = Release|Any CPU
	EndGlobalSection
	GlobalSection(SolutionProperties) = preSolution
		HideSolutionNode = FALSE
	EndGlobalSection
	GlobalSection(ExtensibilityGlobals) = postSolution
		SolutionGuid = {D1CB7850-4AAF-4C86-9B0B-4214F57DF4B9}
	EndGlobalSection
EndGlobal
